// !$*UTF8*$!
{
	archiveVersion = 1;
	classes = {
	};
	objectVersion = 51;
	objects = {

/* Begin PBXBuildFile section */
		04A5DCBB22FA0A2A0055D4CE /* CustomTextField.swift in Sources */ = {isa = PBXBuildFile; fileRef = 04A5DCBA22FA0A2A0055D4CE /* CustomTextField.swift */; };
		04A5DCBE22FA0A810055D4CE /* DashboardController.swift in Sources */ = {isa = PBXBuildFile; fileRef = 04A5DCBD22FA0A810055D4CE /* DashboardController.swift */; };
		04A5DCC122FA0B520055D4CE /* UIColor.swift in Sources */ = {isa = PBXBuildFile; fileRef = 04A5DCC022FA0B520055D4CE /* UIColor.swift */; };
		04A5DCC322FA13DD0055D4CE /* UIButton.swift in Sources */ = {isa = PBXBuildFile; fileRef = 04A5DCC222FA13DD0055D4CE /* UIButton.swift */; };
		04A5DCC522FA1FC50055D4CE /* NSMutableAttributedString.swift in Sources */ = {isa = PBXBuildFile; fileRef = 04A5DCC422FA1FC50055D4CE /* NSMutableAttributedString.swift */; };
		04A5DCCA22FA33A20055D4CE /* CountryListCell.swift in Sources */ = {isa = PBXBuildFile; fileRef = 04A5DCC922FA33A20055D4CE /* CountryListCell.swift */; };
		04A5DCCC22FA34BF0055D4CE /* DashboardController+Extension.swift in Sources */ = {isa = PBXBuildFile; fileRef = 04A5DCCB22FA34BF0055D4CE /* DashboardController+Extension.swift */; };
		04A5DCCE22FA35400055D4CE /* DynamicCollectionView.swift in Sources */ = {isa = PBXBuildFile; fileRef = 04A5DCCD22FA35400055D4CE /* DynamicCollectionView.swift */; };
		04A5DCD122FA39190055D4CE /* ApiService.swift in Sources */ = {isa = PBXBuildFile; fileRef = 04A5DCD022FA39190055D4CE /* ApiService.swift */; };
		04A5DCD322FA3C340055D4CE /* RatesModel.swift in Sources */ = {isa = PBXBuildFile; fileRef = 04A5DCD222FA3C340055D4CE /* RatesModel.swift */; };
		04A5DCD622FA451F0055D4CE /* SelectionProtocol.swift in Sources */ = {isa = PBXBuildFile; fileRef = 04A5DCD522FA451F0055D4CE /* SelectionProtocol.swift */; };
		04A5DCD822FA48DF0055D4CE /* CustomLabel.swift in Sources */ = {isa = PBXBuildFile; fileRef = 04A5DCD722FA48DF0055D4CE /* CustomLabel.swift */; };
		04A5DCDA22FA68060055D4CE /* CustomChart.swift in Sources */ = {isa = PBXBuildFile; fileRef = 04A5DCD922FA68050055D4CE /* CustomChart.swift */; };
		04A5DCDC22FA69B10055D4CE /* GetChartData.swift in Sources */ = {isa = PBXBuildFile; fileRef = 04A5DCDB22FA69B10055D4CE /* GetChartData.swift */; };
		04A5DCDE22FA6AE40055D4CE /* CustomChartFormatter.swift in Sources */ = {isa = PBXBuildFile; fileRef = 04A5DCDD22FA6AE40055D4CE /* CustomChartFormatter.swift */; };
		04A5DCE022FABB600055D4CE /* LocalDb.swift in Sources */ = {isa = PBXBuildFile; fileRef = 04A5DCDF22FABB600055D4CE /* LocalDb.swift */; };
		04DC52AF22F9FF070083CE4B /* AppDelegate.swift in Sources */ = {isa = PBXBuildFile; fileRef = 04DC52AE22F9FF070083CE4B /* AppDelegate.swift */; };
		04DC52B122F9FF070083CE4B /* ViewController.swift in Sources */ = {isa = PBXBuildFile; fileRef = 04DC52B022F9FF070083CE4B /* ViewController.swift */; };
		04DC52B422F9FF070083CE4B /* Main.storyboard in Resources */ = {isa = PBXBuildFile; fileRef = 04DC52B222F9FF070083CE4B /* Main.storyboard */; };
		04DC52B622F9FF0B0083CE4B /* Assets.xcassets in Resources */ = {isa = PBXBuildFile; fileRef = 04DC52B522F9FF0B0083CE4B /* Assets.xcassets */; };
		04DC52B922F9FF0B0083CE4B /* LaunchScreen.storyboard in Resources */ = {isa = PBXBuildFile; fileRef = 04DC52B722F9FF0B0083CE4B /* LaunchScreen.storyboard */; };
		04DC52C422F9FF0B0083CE4B /* CurrencyConverterTestTests.swift in Sources */ = {isa = PBXBuildFile; fileRef = 04DC52C322F9FF0B0083CE4B /* CurrencyConverterTestTests.swift */; };
		DA96E9D98301ED9CE6BCE877 /* Pods_CurrencyConverterTestTests.framework in Frameworks */ = {isa = PBXBuildFile; fileRef = 05DC9A819445B7BF6F7193AD /* Pods_CurrencyConverterTestTests.framework */; };
		E763D3F0FC4E02442D194764 /* Pods_CurrencyConverterTest.framework in Frameworks */ = {isa = PBXBuildFile; fileRef = 4FC6968D3B8C253EDC81DCDA /* Pods_CurrencyConverterTest.framework */; };
/* End PBXBuildFile section */

/* Begin PBXContainerItemProxy section */
		04DC52C022F9FF0B0083CE4B /* PBXContainerItemProxy */ = {
			isa = PBXContainerItemProxy;
			containerPortal = 04DC52A322F9FF070083CE4B /* Project object */;
			proxyType = 1;
			remoteGlobalIDString = 04DC52AA22F9FF070083CE4B;
			remoteInfo = CurrencyConverterTest;
		};
/* End PBXContainerItemProxy section */

/* Begin PBXFileReference section */
		04A5DCBA22FA0A2A0055D4CE /* CustomTextField.swift */ = {isa = PBXFileReference; lastKnownFileType = sourcecode.swift; path = CustomTextField.swift; sourceTree = "<group>"; };
		04A5DCBD22FA0A810055D4CE /* DashboardController.swift */ = {isa = PBXFileReference; lastKnownFileType = sourcecode.swift; path = DashboardController.swift; sourceTree = "<group>"; };
		04A5DCC022FA0B520055D4CE /* UIColor.swift */ = {isa = PBXFileReference; lastKnownFileType = sourcecode.swift; path = UIColor.swift; sourceTree = "<group>"; };
		04A5DCC222FA13DD0055D4CE /* UIButton.swift */ = {isa = PBXFileReference; lastKnownFileType = sourcecode.swift; path = UIButton.swift; sourceTree = "<group>"; };
		04A5DCC422FA1FC50055D4CE /* NSMutableAttributedString.swift */ = {isa = PBXFileReference; lastKnownFileType = sourcecode.swift; path = NSMutableAttributedString.swift; sourceTree = "<group>"; };
		04A5DCC922FA33A20055D4CE /* CountryListCell.swift */ = {isa = PBXFileReference; lastKnownFileType = sourcecode.swift; path = CountryListCell.swift; sourceTree = "<group>"; };
		04A5DCCB22FA34BF0055D4CE /* DashboardController+Extension.swift */ = {isa = PBXFileReference; lastKnownFileType = sourcecode.swift; path = "DashboardController+Extension.swift"; sourceTree = "<group>"; };
		04A5DCCD22FA35400055D4CE /* DynamicCollectionView.swift */ = {isa = PBXFileReference; lastKnownFileType = sourcecode.swift; path = DynamicCollectionView.swift; sourceTree = "<group>"; };
		04A5DCD022FA39190055D4CE /* ApiService.swift */ = {isa = PBXFileReference; lastKnownFileType = sourcecode.swift; path = ApiService.swift; sourceTree = "<group>"; };
		04A5DCD222FA3C340055D4CE /* RatesModel.swift */ = {isa = PBXFileReference; lastKnownFileType = sourcecode.swift; path = RatesModel.swift; sourceTree = "<group>"; };
		04A5DCD522FA451F0055D4CE /* SelectionProtocol.swift */ = {isa = PBXFileReference; lastKnownFileType = sourcecode.swift; path = SelectionProtocol.swift; sourceTree = "<group>"; };
		04A5DCD722FA48DF0055D4CE /* CustomLabel.swift */ = {isa = PBXFileReference; lastKnownFileType = sourcecode.swift; path = CustomLabel.swift; sourceTree = "<group>"; };
		04A5DCD922FA68050055D4CE /* CustomChart.swift */ = {isa = PBXFileReference; lastKnownFileType = sourcecode.swift; path = CustomChart.swift; sourceTree = "<group>"; };
		04A5DCDB22FA69B10055D4CE /* GetChartData.swift */ = {isa = PBXFileReference; lastKnownFileType = sourcecode.swift; path = GetChartData.swift; sourceTree = "<group>"; };
		04A5DCDD22FA6AE40055D4CE /* CustomChartFormatter.swift */ = {isa = PBXFileReference; lastKnownFileType = sourcecode.swift; path = CustomChartFormatter.swift; sourceTree = "<group>"; };
		04A5DCDF22FABB600055D4CE /* LocalDb.swift */ = {isa = PBXFileReference; lastKnownFileType = sourcecode.swift; path = LocalDb.swift; sourceTree = "<group>"; };
		04DC52AB22F9FF070083CE4B /* CurrencyConverterTest.app */ = {isa = PBXFileReference; explicitFileType = wrapper.application; includeInIndex = 0; path = CurrencyConverterTest.app; sourceTree = BUILT_PRODUCTS_DIR; };
		04DC52AE22F9FF070083CE4B /* AppDelegate.swift */ = {isa = PBXFileReference; lastKnownFileType = sourcecode.swift; path = AppDelegate.swift; sourceTree = "<group>"; };
		04DC52B022F9FF070083CE4B /* ViewController.swift */ = {isa = PBXFileReference; lastKnownFileType = sourcecode.swift; path = ViewController.swift; sourceTree = "<group>"; };
		04DC52B322F9FF070083CE4B /* Base */ = {isa = PBXFileReference; lastKnownFileType = file.storyboard; name = Base; path = Base.lproj/Main.storyboard; sourceTree = "<group>"; };
		04DC52B522F9FF0B0083CE4B /* Assets.xcassets */ = {isa = PBXFileReference; lastKnownFileType = folder.assetcatalog; path = Assets.xcassets; sourceTree = "<group>"; };
		04DC52B822F9FF0B0083CE4B /* Base */ = {isa = PBXFileReference; lastKnownFileType = file.storyboard; name = Base; path = Base.lproj/LaunchScreen.storyboard; sourceTree = "<group>"; };
		04DC52BA22F9FF0B0083CE4B /* Info.plist */ = {isa = PBXFileReference; lastKnownFileType = text.plist.xml; path = Info.plist; sourceTree = "<group>"; };
		04DC52BF22F9FF0B0083CE4B /* CurrencyConverterTestTests.xctest */ = {isa = PBXFileReference; explicitFileType = wrapper.cfbundle; includeInIndex = 0; path = CurrencyConverterTestTests.xctest; sourceTree = BUILT_PRODUCTS_DIR; };
		04DC52C322F9FF0B0083CE4B /* CurrencyConverterTestTests.swift */ = {isa = PBXFileReference; lastKnownFileType = sourcecode.swift; path = CurrencyConverterTestTests.swift; sourceTree = "<group>"; };
		04DC52C522F9FF0B0083CE4B /* Info.plist */ = {isa = PBXFileReference; lastKnownFileType = text.plist.xml; path = Info.plist; sourceTree = "<group>"; };
		05DC9A819445B7BF6F7193AD /* Pods_CurrencyConverterTestTests.framework */ = {isa = PBXFileReference; explicitFileType = wrapper.framework; includeInIndex = 0; path = Pods_CurrencyConverterTestTests.framework; sourceTree = BUILT_PRODUCTS_DIR; };
		379DE0A55D71534EFDE20595 /* Pods-CurrencyConverterTest.release.xcconfig */ = {isa = PBXFileReference; includeInIndex = 1; lastKnownFileType = text.xcconfig; name = "Pods-CurrencyConverterTest.release.xcconfig"; path = "Target Support Files/Pods-CurrencyConverterTest/Pods-CurrencyConverterTest.release.xcconfig"; sourceTree = "<group>"; };
		4FC6968D3B8C253EDC81DCDA /* Pods_CurrencyConverterTest.framework */ = {isa = PBXFileReference; explicitFileType = wrapper.framework; includeInIndex = 0; path = Pods_CurrencyConverterTest.framework; sourceTree = BUILT_PRODUCTS_DIR; };
		708AA63752F51FD83EEA9EC9 /* Pods-CurrencyConverterTestTests.release.xcconfig */ = {isa = PBXFileReference; includeInIndex = 1; lastKnownFileType = text.xcconfig; name = "Pods-CurrencyConverterTestTests.release.xcconfig"; path = "Target Support Files/Pods-CurrencyConverterTestTests/Pods-CurrencyConverterTestTests.release.xcconfig"; sourceTree = "<group>"; };
		92943287C0D81337B2FEE5C4 /* Pods-CurrencyConverterTestTests.debug.xcconfig */ = {isa = PBXFileReference; includeInIndex = 1; lastKnownFileType = text.xcconfig; name = "Pods-CurrencyConverterTestTests.debug.xcconfig"; path = "Target Support Files/Pods-CurrencyConverterTestTests/Pods-CurrencyConverterTestTests.debug.xcconfig"; sourceTree = "<group>"; };
		ADFDF68BF048FC30C02E7B81 /* Pods-CurrencyConverterTest.debug.xcconfig */ = {isa = PBXFileReference; includeInIndex = 1; lastKnownFileType = text.xcconfig; name = "Pods-CurrencyConverterTest.debug.xcconfig"; path = "Target Support Files/Pods-CurrencyConverterTest/Pods-CurrencyConverterTest.debug.xcconfig"; sourceTree = "<group>"; };
/* End PBXFileReference section */

/* Begin PBXFrameworksBuildPhase section */
		04DC52A822F9FF070083CE4B /* Frameworks */ = {
			isa = PBXFrameworksBuildPhase;
			buildActionMask = 2147483647;
			files = (
				E763D3F0FC4E02442D194764 /* Pods_CurrencyConverterTest.framework in Frameworks */,
			);
			runOnlyForDeploymentPostprocessing = 0;
		};
		04DC52BC22F9FF0B0083CE4B /* Frameworks */ = {
			isa = PBXFrameworksBuildPhase;
			buildActionMask = 2147483647;
			files = (
				DA96E9D98301ED9CE6BCE877 /* Pods_CurrencyConverterTestTests.framework in Frameworks */,
			);
			runOnlyForDeploymentPostprocessing = 0;
		};
/* End PBXFrameworksBuildPhase section */

/* Begin PBXGroup section */
		04A5DCB822FA09600055D4CE /* Common */ = {
			isa = PBXGroup;
			children = (
				04A5DCBF22FA0B420055D4CE /* Extension */,
				04A5DCB922FA0A110055D4CE /* Views */,
			);
			path = Common;
			sourceTree = "<group>";
		};
		04A5DCB922FA0A110055D4CE /* Views */ = {
			isa = PBXGroup;
			children = (
				04A5DCBA22FA0A2A0055D4CE /* CustomTextField.swift */,
				04A5DCCD22FA35400055D4CE /* DynamicCollectionView.swift */,
				04A5DCD722FA48DF0055D4CE /* CustomLabel.swift */,
				04A5DCD922FA68050055D4CE /* CustomChart.swift */,
				04A5DCDD22FA6AE40055D4CE /* CustomChartFormatter.swift */,
			);
			path = Views;
			sourceTree = "<group>";
		};
		04A5DCBC22FA0A6E0055D4CE /* View */ = {
			isa = PBXGroup;
			children = (
				04A5DCC822FA337D0055D4CE /* Cell */,
				04A5DCC722FA33750055D4CE /* Controller */,
			);
			path = View;
			sourceTree = "<group>";
		};
		04A5DCBF22FA0B420055D4CE /* Extension */ = {
			isa = PBXGroup;
			children = (
				04A5DCC022FA0B520055D4CE /* UIColor.swift */,
				04A5DCC222FA13DD0055D4CE /* UIButton.swift */,
				04A5DCC422FA1FC50055D4CE /* NSMutableAttributedString.swift */,
			);
			path = Extension;
			sourceTree = "<group>";
		};
		04A5DCC622FA335F0055D4CE /* Model */ = {
			isa = PBXGroup;
			children = (
				04A5DCD222FA3C340055D4CE /* RatesModel.swift */,
			);
			path = Model;
			sourceTree = "<group>";
		};
		04A5DCC722FA33750055D4CE /* Controller */ = {
			isa = PBXGroup;
			children = (
				04A5DCBD22FA0A810055D4CE /* DashboardController.swift */,
				04A5DCCB22FA34BF0055D4CE /* DashboardController+Extension.swift */,
			);
			path = Controller;
			sourceTree = "<group>";
		};
		04A5DCC822FA337D0055D4CE /* Cell */ = {
			isa = PBXGroup;
			children = (
				04A5DCC922FA33A20055D4CE /* CountryListCell.swift */,
			);
			path = Cell;
			sourceTree = "<group>";
		};
		04A5DCCF22FA38FB0055D4CE /* DataManager */ = {
			isa = PBXGroup;
			children = (
				04A5DCD022FA39190055D4CE /* ApiService.swift */,
				04A5DCDF22FABB600055D4CE /* LocalDb.swift */,
			);
			path = DataManager;
			sourceTree = "<group>";
		};
		04A5DCD422FA45010055D4CE /* Protocol */ = {
			isa = PBXGroup;
			children = (
				04A5DCD522FA451F0055D4CE /* SelectionProtocol.swift */,
				04A5DCDB22FA69B10055D4CE /* GetChartData.swift */,
			);
			path = Protocol;
			sourceTree = "<group>";
		};
		04DC52A222F9FF070083CE4B = {
			isa = PBXGroup;
			children = (
				04DC52AD22F9FF070083CE4B /* CurrencyConverterTest */,
				04DC52C222F9FF0B0083CE4B /* CurrencyConverterTestTests */,
				04DC52AC22F9FF070083CE4B /* Products */,
				58F2AAF766D492256A3A35A5 /* Pods */,
				99E76153C733360D2EE4C852 /* Frameworks */,
			);
			sourceTree = "<group>";
		};
		04DC52AC22F9FF070083CE4B /* Products */ = {
			isa = PBXGroup;
			children = (
				04DC52AB22F9FF070083CE4B /* CurrencyConverterTest.app */,
				04DC52BF22F9FF0B0083CE4B /* CurrencyConverterTestTests.xctest */,
			);
			name = Products;
			sourceTree = "<group>";
		};
		04DC52AD22F9FF070083CE4B /* CurrencyConverterTest */ = {
			isa = PBXGroup;
			children = (
				04A5DCD422FA45010055D4CE /* Protocol */,
				04A5DCCF22FA38FB0055D4CE /* DataManager */,
				04A5DCC622FA335F0055D4CE /* Model */,
				04A5DCBC22FA0A6E0055D4CE /* View */,
				04A5DCB822FA09600055D4CE /* Common */,
				04DC52AE22F9FF070083CE4B /* AppDelegate.swift */,
				04DC52B022F9FF070083CE4B /* ViewController.swift */,
				04DC52B222F9FF070083CE4B /* Main.storyboard */,
				04DC52B522F9FF0B0083CE4B /* Assets.xcassets */,
				04DC52B722F9FF0B0083CE4B /* LaunchScreen.storyboard */,
				04DC52BA22F9FF0B0083CE4B /* Info.plist */,
			);
			path = CurrencyConverterTest;
			sourceTree = "<group>";
		};
		04DC52C222F9FF0B0083CE4B /* CurrencyConverterTestTests */ = {
			isa = PBXGroup;
			children = (
				04DC52C322F9FF0B0083CE4B /* CurrencyConverterTestTests.swift */,
				04DC52C522F9FF0B0083CE4B /* Info.plist */,
			);
			path = CurrencyConverterTestTests;
			sourceTree = "<group>";
		};
		58F2AAF766D492256A3A35A5 /* Pods */ = {
			isa = PBXGroup;
			children = (
				ADFDF68BF048FC30C02E7B81 /* Pods-CurrencyConverterTest.debug.xcconfig */,
				379DE0A55D71534EFDE20595 /* Pods-CurrencyConverterTest.release.xcconfig */,
				92943287C0D81337B2FEE5C4 /* Pods-CurrencyConverterTestTests.debug.xcconfig */,
				708AA63752F51FD83EEA9EC9 /* Pods-CurrencyConverterTestTests.release.xcconfig */,
			);
			path = Pods;
			sourceTree = "<group>";
		};
		99E76153C733360D2EE4C852 /* Frameworks */ = {
			isa = PBXGroup;
			children = (
				4FC6968D3B8C253EDC81DCDA /* Pods_CurrencyConverterTest.framework */,
				05DC9A819445B7BF6F7193AD /* Pods_CurrencyConverterTestTests.framework */,
			);
			name = Frameworks;
			sourceTree = "<group>";
		};
/* End PBXGroup section */

/* Begin PBXNativeTarget section */
		04DC52AA22F9FF070083CE4B /* CurrencyConverterTest */ = {
			isa = PBXNativeTarget;
			buildConfigurationList = 04DC52C822F9FF0B0083CE4B /* Build configuration list for PBXNativeTarget "CurrencyConverterTest" */;
			buildPhases = (
				C37ADF0379937451BE10BBCA /* [CP] Check Pods Manifest.lock */,
				04DC52A722F9FF070083CE4B /* Sources */,
				04DC52A822F9FF070083CE4B /* Frameworks */,
				04DC52A922F9FF070083CE4B /* Resources */,
				30A1135D6DD845F204549EE6 /* [CP] Embed Pods Frameworks */,
			);
			buildRules = (
			);
			dependencies = (
			);
			name = CurrencyConverterTest;
			productName = CurrencyConverterTest;
			productReference = 04DC52AB22F9FF070083CE4B /* CurrencyConverterTest.app */;
			productType = "com.apple.product-type.application";
		};
		04DC52BE22F9FF0B0083CE4B /* CurrencyConverterTestTests */ = {
			isa = PBXNativeTarget;
			buildConfigurationList = 04DC52CB22F9FF0B0083CE4B /* Build configuration list for PBXNativeTarget "CurrencyConverterTestTests" */;
			buildPhases = (
				EDDAEDE1EFA35D6C6AB33F62 /* [CP] Check Pods Manifest.lock */,
				04DC52BB22F9FF0B0083CE4B /* Sources */,
				04DC52BC22F9FF0B0083CE4B /* Frameworks */,
				04DC52BD22F9FF0B0083CE4B /* Resources */,
			);
			buildRules = (
			);
			dependencies = (
				04DC52C122F9FF0B0083CE4B /* PBXTargetDependency */,
			);
			name = CurrencyConverterTestTests;
			productName = CurrencyConverterTestTests;
			productReference = 04DC52BF22F9FF0B0083CE4B /* CurrencyConverterTestTests.xctest */;
			productType = "com.apple.product-type.bundle.unit-test";
		};
/* End PBXNativeTarget section */

/* Begin PBXProject section */
		04DC52A322F9FF070083CE4B /* Project object */ = {
			isa = PBXProject;
			attributes = {
				LastSwiftUpdateCheck = 1030;
				LastUpgradeCheck = 1030;
				ORGANIZATIONNAME = Techies;
				TargetAttributes = {
					04DC52AA22F9FF070083CE4B = {
						CreatedOnToolsVersion = 10.3;
					};
					04DC52BE22F9FF0B0083CE4B = {
						CreatedOnToolsVersion = 10.3;
						TestTargetID = 04DC52AA22F9FF070083CE4B;
					};
				};
			};
			buildConfigurationList = 04DC52A622F9FF070083CE4B /* Build configuration list for PBXProject "CurrencyConverterTest" */;
			compatibilityVersion = "Xcode 9.3";
			developmentRegion = en;
			hasScannedForEncodings = 0;
			knownRegions = (
				en,
				Base,
			);
			mainGroup = 04DC52A222F9FF070083CE4B;
			productRefGroup = 04DC52AC22F9FF070083CE4B /* Products */;
			projectDirPath = "";
			projectRoot = "";
			targets = (
				04DC52AA22F9FF070083CE4B /* CurrencyConverterTest */,
				04DC52BE22F9FF0B0083CE4B /* CurrencyConverterTestTests */,
			);
		};
/* End PBXProject section */

/* Begin PBXResourcesBuildPhase section */
		04DC52A922F9FF070083CE4B /* Resources */ = {
			isa = PBXResourcesBuildPhase;
			buildActionMask = 2147483647;
			files = (
				04DC52B922F9FF0B0083CE4B /* LaunchScreen.storyboard in Resources */,
				04DC52B622F9FF0B0083CE4B /* Assets.xcassets in Resources */,
				04DC52B422F9FF070083CE4B /* Main.storyboard in Resources */,
			);
			runOnlyForDeploymentPostprocessing = 0;
		};
		04DC52BD22F9FF0B0083CE4B /* Resources */ = {
			isa = PBXResourcesBuildPhase;
			buildActionMask = 2147483647;
			files = (
			);
			runOnlyForDeploymentPostprocessing = 0;
		};
/* End PBXResourcesBuildPhase section */

/* Begin PBXShellScriptBuildPhase section */
		30A1135D6DD845F204549EE6 /* [CP] Embed Pods Frameworks */ = {
			isa = PBXShellScriptBuildPhase;
			buildActionMask = 2147483647;
			files = (
			);
			inputFileListPaths = (
				"${PODS_ROOT}/Target Support Files/Pods-CurrencyConverterTest/Pods-CurrencyConverterTest-frameworks-${CONFIGURATION}-input-files.xcfilelist",
			);
			name = "[CP] Embed Pods Frameworks";
			outputFileListPaths = (
				"${PODS_ROOT}/Target Support Files/Pods-CurrencyConverterTest/Pods-CurrencyConverterTest-frameworks-${CONFIGURATION}-output-files.xcfilelist",
			);
			runOnlyForDeploymentPostprocessing = 0;
			shellPath = /bin/sh;
			shellScript = "\"${PODS_ROOT}/Target Support Files/Pods-CurrencyConverterTest/Pods-CurrencyConverterTest-frameworks.sh\"\n";
			showEnvVarsInLog = 0;
		};
		C37ADF0379937451BE10BBCA /* [CP] Check Pods Manifest.lock */ = {
			isa = PBXShellScriptBuildPhase;
			buildActionMask = 2147483647;
			files = (
			);
			inputFileListPaths = (
			);
			inputPaths = (
				"${PODS_PODFILE_DIR_PATH}/Podfile.lock",
				"${PODS_ROOT}/Manifest.lock",
			);
			name = "[CP] Check Pods Manifest.lock";
			outputFileListPaths = (
			);
			outputPaths = (
				"$(DERIVED_FILE_DIR)/Pods-CurrencyConverterTest-checkManifestLockResult.txt",
			);
			runOnlyForDeploymentPostprocessing = 0;
			shellPath = /bin/sh;
			shellScript = "diff \"${PODS_PODFILE_DIR_PATH}/Podfile.lock\" \"${PODS_ROOT}/Manifest.lock\" > /dev/null\nif [ $? != 0 ] ; then\n    # print error to STDERR\n    echo \"error: The sandbox is not in sync with the Podfile.lock. Run 'pod install' or update your CocoaPods installation.\" >&2\n    exit 1\nfi\n# This output is used by Xcode 'outputs' to avoid re-running this script phase.\necho \"SUCCESS\" > \"${SCRIPT_OUTPUT_FILE_0}\"\n";
			showEnvVarsInLog = 0;
		};
		EDDAEDE1EFA35D6C6AB33F62 /* [CP] Check Pods Manifest.lock */ = {
			isa = PBXShellScriptBuildPhase;
			buildActionMask = 2147483647;
			files = (
			);
			inputFileListPaths = (
			);
			inputPaths = (
				"${PODS_PODFILE_DIR_PATH}/Podfile.lock",
				"${PODS_ROOT}/Manifest.lock",
			);
			name = "[CP] Check Pods Manifest.lock";
			outputFileListPaths = (
			);
			outputPaths = (
				"$(DERIVED_FILE_DIR)/Pods-CurrencyConverterTestTests-checkManifestLockResult.txt",
			);
			runOnlyForDeploymentPostprocessing = 0;
			shellPath = /bin/sh;
			shellScript = "diff \"${PODS_PODFILE_DIR_PATH}/Podfile.lock\" \"${PODS_ROOT}/Manifest.lock\" > /dev/null\nif [ $? != 0 ] ; then\n    # print error to STDERR\n    echo \"error: The sandbox is not in sync with the Podfile.lock. Run 'pod install' or update your CocoaPods installation.\" >&2\n    exit 1\nfi\n# This output is used by Xcode 'outputs' to avoid re-running this script phase.\necho \"SUCCESS\" > \"${SCRIPT_OUTPUT_FILE_0}\"\n";
			showEnvVarsInLog = 0;
		};
/* End PBXShellScriptBuildPhase section */

/* Begin PBXSourcesBuildPhase section */
		04DC52A722F9FF070083CE4B /* Sources */ = {
			isa = PBXSourcesBuildPhase;
			buildActionMask = 2147483647;
			files = (
				04A5DCCC22FA34BF0055D4CE /* DashboardController+Extension.swift in Sources */,
				04A5DCCA22FA33A20055D4CE /* CountryListCell.swift in Sources */,
				04A5DCCE22FA35400055D4CE /* DynamicCollectionView.swift in Sources */,
				04A5DCD822FA48DF0055D4CE /* CustomLabel.swift in Sources */,
				04A5DCD322FA3C340055D4CE /* RatesModel.swift in Sources */,
				04A5DCBE22FA0A810055D4CE /* DashboardController.swift in Sources */,
				04A5DCD622FA451F0055D4CE /* SelectionProtocol.swift in Sources */,
				04A5DCDA22FA68060055D4CE /* CustomChart.swift in Sources */,
				04DC52B122F9FF070083CE4B /* ViewController.swift in Sources */,
				04A5DCDC22FA69B10055D4CE /* GetChartData.swift in Sources */,
				04DC52AF22F9FF070083CE4B /* AppDelegate.swift in Sources */,
				04A5DCE022FABB600055D4CE /* LocalDb.swift in Sources */,
				04A5DCD122FA39190055D4CE /* ApiService.swift in Sources */,
				04A5DCBB22FA0A2A0055D4CE /* CustomTextField.swift in Sources */,
				04A5DCC522FA1FC50055D4CE /* NSMutableAttributedString.swift in Sources */,
				04A5DCC122FA0B520055D4CE /* UIColor.swift in Sources */,
				04A5DCDE22FA6AE40055D4CE /* CustomChartFormatter.swift in Sources */,
				04A5DCC322FA13DD0055D4CE /* UIButton.swift in Sources */,
			);
			runOnlyForDeploymentPostprocessing = 0;
		};
		04DC52BB22F9FF0B0083CE4B /* Sources */ = {
			isa = PBXSourcesBuildPhase;
			buildActionMask = 2147483647;
			files = (
				04DC52C422F9FF0B0083CE4B /* CurrencyConverterTestTests.swift in Sources */,
			);
			runOnlyForDeploymentPostprocessing = 0;
		};
/* End PBXSourcesBuildPhase section */

/* Begin PBXTargetDependency section */
		04DC52C122F9FF0B0083CE4B /* PBXTargetDependency */ = {
			isa = PBXTargetDependency;
			target = 04DC52AA22F9FF070083CE4B /* CurrencyConverterTest */;
			targetProxy = 04DC52C022F9FF0B0083CE4B /* PBXContainerItemProxy */;
		};
/* End PBXTargetDependency section */

/* Begin PBXVariantGroup section */
		04DC52B222F9FF070083CE4B /* Main.storyboard */ = {
			isa = PBXVariantGroup;
			children = (
				04DC52B322F9FF070083CE4B /* Base */,
			);
			name = Main.storyboard;
			sourceTree = "<group>";
		};
		04DC52B722F9FF0B0083CE4B /* LaunchScreen.storyboard */ = {
			isa = PBXVariantGroup;
			children = (
				04DC52B822F9FF0B0083CE4B /* Base */,
			);
			name = LaunchScreen.storyboard;
			sourceTree = "<group>";
		};
/* End PBXVariantGroup section */

/* Begin XCBuildConfiguration section */
		04DC52C622F9FF0B0083CE4B /* Debug */ = {
			isa = XCBuildConfiguration;
			buildSettings = {
				ALWAYS_SEARCH_USER_PATHS = NO;
				CLANG_ANALYZER_NONNULL = YES;
				CLANG_ANALYZER_NUMBER_OBJECT_CONVERSION = YES_AGGRESSIVE;
				CLANG_CXX_LANGUAGE_STANDARD = "gnu++14";
				CLANG_CXX_LIBRARY = "libc++";
				CLANG_ENABLE_MODULES = YES;
				CLANG_ENABLE_OBJC_ARC = YES;
				CLANG_ENABLE_OBJC_WEAK = YES;
				CLANG_WARN_BLOCK_CAPTURE_AUTORELEASING = YES;
				CLANG_WARN_BOOL_CONVERSION = YES;
				CLANG_WARN_COMMA = YES;
				CLANG_WARN_CONSTANT_CONVERSION = YES;
				CLANG_WARN_DEPRECATED_OBJC_IMPLEMENTATIONS = YES;
				CLANG_WARN_DIRECT_OBJC_ISA_USAGE = YES_ERROR;
				CLANG_WARN_DOCUMENTATION_COMMENTS = YES;
				CLANG_WARN_EMPTY_BODY = YES;
				CLANG_WARN_ENUM_CONVERSION = YES;
				CLANG_WARN_INFINITE_RECURSION = YES;
				CLANG_WARN_INT_CONVERSION = YES;
				CLANG_WARN_NON_LITERAL_NULL_CONVERSION = YES;
				CLANG_WARN_OBJC_IMPLICIT_RETAIN_SELF = YES;
				CLANG_WARN_OBJC_LITERAL_CONVERSION = YES;
				CLANG_WARN_OBJC_ROOT_CLASS = YES_ERROR;
				CLANG_WARN_RANGE_LOOP_ANALYSIS = YES;
				CLANG_WARN_STRICT_PROTOTYPES = YES;
				CLANG_WARN_SUSPICIOUS_MOVE = YES;
				CLANG_WARN_UNGUARDED_AVAILABILITY = YES_AGGRESSIVE;
				CLANG_WARN_UNREACHABLE_CODE = YES;
				CLANG_WARN__DUPLICATE_METHOD_MATCH = YES;
				CODE_SIGN_IDENTITY = "iPhone Developer";
				COPY_PHASE_STRIP = NO;
				DEBUG_INFORMATION_FORMAT = dwarf;
				ENABLE_STRICT_OBJC_MSGSEND = YES;
				ENABLE_TESTABILITY = YES;
				GCC_C_LANGUAGE_STANDARD = gnu11;
				GCC_DYNAMIC_NO_PIC = NO;
				GCC_NO_COMMON_BLOCKS = YES;
				GCC_OPTIMIZATION_LEVEL = 0;
				GCC_PREPROCESSOR_DEFINITIONS = (
					"DEBUG=1",
					"$(inherited)",
				);
				GCC_WARN_64_TO_32_BIT_CONVERSION = YES;
				GCC_WARN_ABOUT_RETURN_TYPE = YES_ERROR;
				GCC_WARN_UNDECLARED_SELECTOR = YES;
				GCC_WARN_UNINITIALIZED_AUTOS = YES_AGGRESSIVE;
				GCC_WARN_UNUSED_FUNCTION = YES;
				GCC_WARN_UNUSED_VARIABLE = YES;
				IPHONEOS_DEPLOYMENT_TARGET = 12.4;
				MTL_ENABLE_DEBUG_INFO = INCLUDE_SOURCE;
				MTL_FAST_MATH = YES;
				ONLY_ACTIVE_ARCH = YES;
				SDKROOT = iphoneos;
				SWIFT_ACTIVE_COMPILATION_CONDITIONS = DEBUG;
				SWIFT_OPTIMIZATION_LEVEL = "-Onone";
			};
			name = Debug;
		};
		04DC52C722F9FF0B0083CE4B /* Release */ = {
			isa = XCBuildConfiguration;
			buildSettings = {
				ALWAYS_SEARCH_USER_PATHS = NO;
				CLANG_ANALYZER_NONNULL = YES;
				CLANG_ANALYZER_NUMBER_OBJECT_CONVERSION = YES_AGGRESSIVE;
				CLANG_CXX_LANGUAGE_STANDARD = "gnu++14";
				CLANG_CXX_LIBRARY = "libc++";
				CLANG_ENABLE_MODULES = YES;
				CLANG_ENABLE_OBJC_ARC = YES;
				CLANG_ENABLE_OBJC_WEAK = YES;
				CLANG_WARN_BLOCK_CAPTURE_AUTORELEASING = YES;
				CLANG_WARN_BOOL_CONVERSION = YES;
				CLANG_WARN_COMMA = YES;
				CLANG_WARN_CONSTANT_CONVERSION = YES;
				CLANG_WARN_DEPRECATED_OBJC_IMPLEMENTATIONS = YES;
				CLANG_WARN_DIRECT_OBJC_ISA_USAGE = YES_ERROR;
				CLANG_WARN_DOCUMENTATION_COMMENTS = YES;
				CLANG_WARN_EMPTY_BODY = YES;
				CLANG_WARN_ENUM_CONVERSION = YES;
				CLANG_WARN_INFINITE_RECURSION = YES;
				CLANG_WARN_INT_CONVERSION = YES;
				CLANG_WARN_NON_LITERAL_NULL_CONVERSION = YES;
				CLANG_WARN_OBJC_IMPLICIT_RETAIN_SELF = YES;
				CLANG_WARN_OBJC_LITERAL_CONVERSION = YES;
				CLANG_WARN_OBJC_ROOT_CLASS = YES_ERROR;
				CLANG_WARN_RANGE_LOOP_ANALYSIS = YES;
				CLANG_WARN_STRICT_PROTOTYPES = YES;
				CLANG_WARN_SUSPICIOUS_MOVE = YES;
				CLANG_WARN_UNGUARDED_AVAILABILITY = YES_AGGRESSIVE;
				CLANG_WARN_UNREACHABLE_CODE = YES;
				CLANG_WARN__DUPLICATE_METHOD_MATCH = YES;
				CODE_SIGN_IDENTITY = "iPhone Developer";
				COPY_PHASE_STRIP = NO;
				DEBUG_INFORMATION_FORMAT = "dwarf-with-dsym";
				ENABLE_NS_ASSERTIONS = NO;
				ENABLE_STRICT_OBJC_MSGSEND = YES;
				GCC_C_LANGUAGE_STANDARD = gnu11;
				GCC_NO_COMMON_BLOCKS = YES;
				GCC_WARN_64_TO_32_BIT_CONVERSION = YES;
				GCC_WARN_ABOUT_RETURN_TYPE = YES_ERROR;
				GCC_WARN_UNDECLARED_SELECTOR = YES;
				GCC_WARN_UNINITIALIZED_AUTOS = YES_AGGRESSIVE;
				GCC_WARN_UNUSED_FUNCTION = YES;
				GCC_WARN_UNUSED_VARIABLE = YES;
				IPHONEOS_DEPLOYMENT_TARGET = 12.4;
				MTL_ENABLE_DEBUG_INFO = NO;
				MTL_FAST_MATH = YES;
				SDKROOT = iphoneos;
				SWIFT_COMPILATION_MODE = wholemodule;
				SWIFT_OPTIMIZATION_LEVEL = "-O";
				VALIDATE_PRODUCT = YES;
			};
			name = Release;
		};
		04DC52C922F9FF0B0083CE4B /* Debug */ = {
			isa = XCBuildConfiguration;
			baseConfigurationReference = ADFDF68BF048FC30C02E7B81 /* Pods-CurrencyConverterTest.debug.xcconfig */;
			buildSettings = {
				ASSETCATALOG_COMPILER_APPICON_NAME = AppIcon;
				CODE_SIGN_STYLE = Automatic;
				DEVELOPMENT_TEAM = 8X7YJ2BAGU;
				INFOPLIST_FILE = CurrencyConverterTest/Info.plist;
				LD_RUNPATH_SEARCH_PATHS = (
					"$(inherited)",
					"@executable_path/Frameworks",
				);
				PRODUCT_BUNDLE_IDENTIFIER = com.currency.CurrencyConverterTest;
				PRODUCT_NAME = "$(TARGET_NAME)";
				SWIFT_VERSION = 5.0;
				TARGETED_DEVICE_FAMILY = "1,2";
			};
			name = Debug;
		};
		04DC52CA22F9FF0B0083CE4B /* Release */ = {
			isa = XCBuildConfiguration;
			baseConfigurationReference = 379DE0A55D71534EFDE20595 /* Pods-CurrencyConverterTest.release.xcconfig */;
			buildSettings = {
				ASSETCATALOG_COMPILER_APPICON_NAME = AppIcon;
				CODE_SIGN_STYLE = Automatic;
				DEVELOPMENT_TEAM = 8X7YJ2BAGU;
				INFOPLIST_FILE = CurrencyConverterTest/Info.plist;
				LD_RUNPATH_SEARCH_PATHS = (
					"$(inherited)",
					"@executable_path/Frameworks",
				);
				PRODUCT_BUNDLE_IDENTIFIER = com.currency.CurrencyConverterTest;
				PRODUCT_NAME = "$(TARGET_NAME)";
				SWIFT_VERSION = 5.0;
				TARGETED_DEVICE_FAMILY = "1,2";
			};
			name = Release;
		};
		04DC52CC22F9FF0B0083CE4B /* Debug */ = {
			isa = XCBuildConfiguration;
			baseConfigurationReference = 92943287C0D81337B2FEE5C4 /* Pods-CurrencyConverterTestTests.debug.xcconfig */;
			buildSettings = {
				ALWAYS_EMBED_SWIFT_STANDARD_LIBRARIES = YES;
				BUNDLE_LOADER = "$(TEST_HOST)";
				CODE_SIGN_STYLE = Automatic;
				INFOPLIST_FILE = CurrencyConverterTestTests/Info.plist;
				LD_RUNPATH_SEARCH_PATHS = (
					"$(inherited)",
					"@executable_path/Frameworks",
					"@loader_path/Frameworks",
				);
				PRODUCT_BUNDLE_IDENTIFIER = com.currency.CurrencyConverterTestTests;
				PRODUCT_NAME = "$(TARGET_NAME)";
				SWIFT_VERSION = 5.0;
				TARGETED_DEVICE_FAMILY = "1,2";
				TEST_HOST = "$(BUILT_PRODUCTS_DIR)/CurrencyConverterTest.app/CurrencyConverterTest";
			};
			name = Debug;
		};
		04DC52CD22F9FF0B0083CE4B /* Release */ = {
			isa = XCBuildConfiguration;
			baseConfigurationReference = 708AA63752F51FD83EEA9EC9 /* Pods-CurrencyConverterTestTests.release.xcconfig */;
			buildSettings = {
				ALWAYS_EMBED_SWIFT_STANDARD_LIBRARIES = YES;
				BUNDLE_LOADER = "$(TEST_HOST)";
				CODE_SIGN_STYLE = Automatic;
				INFOPLIST_FILE = CurrencyConverterTestTests/Info.plist;
				LD_RUNPATH_SEARCH_PATHS = (
					"$(inherited)",
					"@executable_path/Frameworks",
					"@loader_path/Frameworks",
				);
				PRODUCT_BUNDLE_IDENTIFIER = com.currency.CurrencyConverterTestTests;
				PRODUCT_NAME = "$(TARGET_NAME)";
				SWIFT_VERSION = 5.0;
				TARGETED_DEVICE_FAMILY = "1,2";
				TEST_HOST = "$(BUILT_PRODUCTS_DIR)/CurrencyConverterTest.app/CurrencyConverterTest";
			};
			name = Release;
		};
/* End XCBuildConfiguration section */

/* Begin XCConfigurationList section */
		04DC52A622F9FF070083CE4B /* Build configuration list for PBXProject "CurrencyConverterTest" */ = {
			isa = XCConfigurationList;
			buildConfigurations = (
				04DC52C622F9FF0B0083CE4B /* Debug */,
				04DC52C722F9FF0B0083CE4B /* Release */,
			);
			defaultConfigurationIsVisible = 0;
			defaultConfigurationName = Release;
		};
		04DC52C822F9FF0B0083CE4B /* Build configuration list for PBXNativeTarget "CurrencyConverterTest" */ = {
			isa = XCConfigurationList;
			buildConfigurations = (
				04DC52C922F9FF0B0083CE4B /* Debug */,
				04DC52CA22F9FF0B0083CE4B /* Release */,
			);
			defaultConfigurationIsVisible = 0;
			defaultConfigurationName = Release;
		};
		04DC52CB22F9FF0B0083CE4B /* Build configuration list for PBXNativeTarget "CurrencyConverterTestTests" */ = {
			isa = XCConfigurationList;
			buildConfigurations = (
				04DC52CC22F9FF0B0083CE4B /* Debug */,
				04DC52CD22F9FF0B0083CE4B /* Release */,
			);
			defaultConfigurationIsVisible = 0;
			defaultConfigurationName = Release;
		};
/* End XCConfigurationList section */
	};
	rootObject = 04DC52A322F9FF070083CE4B /* Project object */;
}
